// !$*UTF8*$!
{
	archiveVersion = 1;
	classes = {
	};
	objectVersion = 56;
	objects = {

/* Begin PBXBuildFile section */
		D312F4D32B74B82100B0D948 /* NewReminder.swift in Sources */ = {isa = PBXBuildFile; fileRef = D312F4D22B74B82100B0D948 /* NewReminder.swift */; };
		D312F4D52B74DF9F00B0D948 /* ReminderListStyle.swift in Sources */ = {isa = PBXBuildFile; fileRef = D312F4D42B74DF9F00B0D948 /* ReminderListStyle.swift */; };
		D3833E812B76981500093F9D /* EditReminder.swift in Sources */ = {isa = PBXBuildFile; fileRef = D3833E802B76981500093F9D /* EditReminder.swift */; };
		D39C9D782B75409A0040D7A3 /* ProgressHeaderView.swift in Sources */ = {isa = PBXBuildFile; fileRef = D39C9D772B75409A0040D7A3 /* ProgressHeaderView.swift */; };
		D3D58E692B5594880027C94C /* TodayApp.swift in Sources */ = {isa = PBXBuildFile; fileRef = D3D58E682B5594880027C94C /* TodayApp.swift */; };
		D3D58E6D2B55948A0027C94C /* Assets.xcassets in Resources */ = {isa = PBXBuildFile; fileRef = D3D58E6C2B55948A0027C94C /* Assets.xcassets */; };
		D3D58E702B55948A0027C94C /* Preview Assets.xcassets in Resources */ = {isa = PBXBuildFile; fileRef = D3D58E6F2B55948A0027C94C /* Preview Assets.xcassets */; };
		D3D58E782B5594A60027C94C /* Reminder.swift in Sources */ = {isa = PBXBuildFile; fileRef = D3D58E772B5594A60027C94C /* Reminder.swift */; };
		D3D58E7A2B5594D10027C94C /* ReminderListView.swift in Sources */ = {isa = PBXBuildFile; fileRef = D3D58E792B5594D10027C94C /* ReminderListView.swift */; };
		D3D58E7C2B5594F30027C94C /* ReminderStore.swift in Sources */ = {isa = PBXBuildFile; fileRef = D3D58E7B2B5594F30027C94C /* ReminderStore.swift */; };
		D3E9298D2B72B14B00FBC599 /* ReminderView.swift in Sources */ = {isa = PBXBuildFile; fileRef = D3E9298C2B72B14B00FBC599 /* ReminderView.swift */; };
		D3F297292B56E4CA00393220 /* Color+Today.swift in Sources */ = {isa = PBXBuildFile; fileRef = D3F297282B56E4CA00393220 /* Color+Today.swift */; };
		D3F2972B2B56E4D800393220 /* Date+Today.swift in Sources */ = {isa = PBXBuildFile; fileRef = D3F2972A2B56E4D800393220 /* Date+Today.swift */; };
/* End PBXBuildFile section */

/* Begin PBXFileReference section */
		D312F4D22B74B82100B0D948 /* NewReminder.swift */ = {isa = PBXFileReference; lastKnownFileType = sourcecode.swift; path = NewReminder.swift; sourceTree = "<group>"; };
		D312F4D42B74DF9F00B0D948 /* ReminderListStyle.swift */ = {isa = PBXFileReference; lastKnownFileType = sourcecode.swift; path = ReminderListStyle.swift; sourceTree = "<group>"; };
		D3833E802B76981500093F9D /* EditReminder.swift */ = {isa = PBXFileReference; lastKnownFileType = sourcecode.swift; path = EditReminder.swift; sourceTree = "<group>"; };
		D39C9D772B75409A0040D7A3 /* ProgressHeaderView.swift */ = {isa = PBXFileReference; lastKnownFileType = sourcecode.swift; path = ProgressHeaderView.swift; sourceTree = "<group>"; };
		D3D58E652B5594880027C94C /* Today.app */ = {isa = PBXFileReference; explicitFileType = wrapper.application; includeInIndex = 0; path = Today.app; sourceTree = BUILT_PRODUCTS_DIR; };
		D3D58E682B5594880027C94C /* TodayApp.swift */ = {isa = PBXFileReference; lastKnownFileType = sourcecode.swift; path = TodayApp.swift; sourceTree = "<group>"; };
		D3D58E6C2B55948A0027C94C /* Assets.xcassets */ = {isa = PBXFileReference; lastKnownFileType = folder.assetcatalog; path = Assets.xcassets; sourceTree = "<group>"; };
		D3D58E6F2B55948A0027C94C /* Preview Assets.xcassets */ = {isa = PBXFileReference; lastKnownFileType = folder.assetcatalog; path = "Preview Assets.xcassets"; sourceTree = "<group>"; };
		D3D58E772B5594A60027C94C /* Reminder.swift */ = {isa = PBXFileReference; lastKnownFileType = sourcecode.swift; path = Reminder.swift; sourceTree = "<group>"; };
		D3D58E792B5594D10027C94C /* ReminderListView.swift */ = {isa = PBXFileReference; lastKnownFileType = sourcecode.swift; path = ReminderListView.swift; sourceTree = "<group>"; };
		D3D58E7B2B5594F30027C94C /* ReminderStore.swift */ = {isa = PBXFileReference; lastKnownFileType = sourcecode.swift; path = ReminderStore.swift; sourceTree = "<group>"; };
		D3E9298C2B72B14B00FBC599 /* ReminderView.swift */ = {isa = PBXFileReference; lastKnownFileType = sourcecode.swift; path = ReminderView.swift; sourceTree = "<group>"; };
		D3F297282B56E4CA00393220 /* Color+Today.swift */ = {isa = PBXFileReference; lastKnownFileType = sourcecode.swift; path = "Color+Today.swift"; sourceTree = "<group>"; };
		D3F2972A2B56E4D800393220 /* Date+Today.swift */ = {isa = PBXFileReference; lastKnownFileType = sourcecode.swift; path = "Date+Today.swift"; sourceTree = "<group>"; };
/* End PBXFileReference section */

/* Begin PBXFrameworksBuildPhase section */
		D3D58E622B5594880027C94C /* Frameworks */ = {
			isa = PBXFrameworksBuildPhase;
			buildActionMask = 2147483647;
			files = (
			);
			runOnlyForDeploymentPostprocessing = 0;
		};
/* End PBXFrameworksBuildPhase section */

/* Begin PBXGroup section */
		D3D58E5C2B5594880027C94C = {
			isa = PBXGroup;
			children = (
				D3D58E672B5594880027C94C /* Today */,
				D3D58E662B5594880027C94C /* Products */,
			);
			sourceTree = "<group>";
		};
		D3D58E662B5594880027C94C /* Products */ = {
			isa = PBXGroup;
			children = (
				D3D58E652B5594880027C94C /* Today.app */,
			);
			name = Products;
			sourceTree = "<group>";
		};
		D3D58E672B5594880027C94C /* Today */ = {
			isa = PBXGroup;
			children = (
				D3D58E682B5594880027C94C /* TodayApp.swift */,
				D3D58E762B5594950027C94C /* Models */,
				D3F2972C2B56E6D900393220 /* ReminderList */,
				D3D58E6C2B55948A0027C94C /* Assets.xcassets */,
				D3D58E6E2B55948A0027C94C /* Preview Content */,
			);
			path = Today;
			sourceTree = "<group>";
		};
		D3D58E6E2B55948A0027C94C /* Preview Content */ = {
			isa = PBXGroup;
			children = (
				D3D58E6F2B55948A0027C94C /* Preview Assets.xcassets */,
			);
			path = "Preview Content";
			sourceTree = "<group>";
		};
		D3D58E762B5594950027C94C /* Models */ = {
			isa = PBXGroup;
			children = (
				D3F2972A2B56E4D800393220 /* Date+Today.swift */,
				D3F297282B56E4CA00393220 /* Color+Today.swift */,
				D3D58E772B5594A60027C94C /* Reminder.swift */,
				D3D58E7B2B5594F30027C94C /* ReminderStore.swift */,
				D312F4D42B74DF9F00B0D948 /* ReminderListStyle.swift */,
			);
			path = Models;
			sourceTree = "<group>";
		};
		D3F2972C2B56E6D900393220 /* ReminderList */ = {
			isa = PBXGroup;
			children = (
				D3833E802B76981500093F9D /* EditReminder.swift */,
				D312F4D22B74B82100B0D948 /* NewReminder.swift */,
				D3E9298C2B72B14B00FBC599 /* ReminderView.swift */,
				D3D58E792B5594D10027C94C /* ReminderListView.swift */,
				D39C9D772B75409A0040D7A3 /* ProgressHeaderView.swift */,
			);
			path = ReminderList;
			sourceTree = "<group>";
		};
/* End PBXGroup section */

/* Begin PBXNativeTarget section */
		D3D58E642B5594880027C94C /* Today */ = {
			isa = PBXNativeTarget;
			buildConfigurationList = D3D58E732B55948A0027C94C /* Build configuration list for PBXNativeTarget "Today" */;
			buildPhases = (
				D3D58E612B5594880027C94C /* Sources */,
				D3D58E622B5594880027C94C /* Frameworks */,
				D3D58E632B5594880027C94C /* Resources */,
			);
			buildRules = (
			);
			dependencies = (
			);
			name = Today;
			productName = Today;
			productReference = D3D58E652B5594880027C94C /* Today.app */;
			productType = "com.apple.product-type.application";
		};
/* End PBXNativeTarget section */

/* Begin PBXProject section */
		D3D58E5D2B5594880027C94C /* Project object */ = {
			isa = PBXProject;
			attributes = {
				BuildIndependentTargetsInParallel = 1;
				LastSwiftUpdateCheck = 1520;
				LastUpgradeCheck = 1520;
				TargetAttributes = {
					D3D58E642B5594880027C94C = {
						CreatedOnToolsVersion = 15.2;
					};
				};
			};
			buildConfigurationList = D3D58E602B5594880027C94C /* Build configuration list for PBXProject "Today" */;
			compatibilityVersion = "Xcode 14.0";
			developmentRegion = en;
			hasScannedForEncodings = 0;
			knownRegions = (
				en,
				Base,
			);
			mainGroup = D3D58E5C2B5594880027C94C;
			productRefGroup = D3D58E662B5594880027C94C /* Products */;
			projectDirPath = "";
			projectRoot = "";
			targets = (
				D3D58E642B5594880027C94C /* Today */,
			);
		};
/* End PBXProject section */

/* Begin PBXResourcesBuildPhase section */
		D3D58E632B5594880027C94C /* Resources */ = {
			isa = PBXResourcesBuildPhase;
			buildActionMask = 2147483647;
			files = (
				D3D58E702B55948A0027C94C /* Preview Assets.xcassets in Resources */,
				D3D58E6D2B55948A0027C94C /* Assets.xcassets in Resources */,
			);
			runOnlyForDeploymentPostprocessing = 0;
		};
/* End PBXResourcesBuildPhase section */

/* Begin PBXSourcesBuildPhase section */
		D3D58E612B5594880027C94C /* Sources */ = {
			isa = PBXSourcesBuildPhase;
			buildActionMask = 2147483647;
			files = (
				D39C9D782B75409A0040D7A3 /* ProgressHeaderView.swift in Sources */,
				D312F4D52B74DF9F00B0D948 /* ReminderListStyle.swift in Sources */,
				D3D58E7C2B5594F30027C94C /* ReminderStore.swift in Sources */,
				D3833E812B76981500093F9D /* EditReminder.swift in Sources */,
				D3F297292B56E4CA00393220 /* Color+Today.swift in Sources */,
				D3D58E782B5594A60027C94C /* Reminder.swift in Sources */,
				D3E9298D2B72B14B00FBC599 /* ReminderView.swift in Sources */,
				D3D58E7A2B5594D10027C94C /* ReminderListView.swift in Sources */,
				D312F4D32B74B82100B0D948 /* NewReminder.swift in Sources */,
				D3F2972B2B56E4D800393220 /* Date+Today.swift in Sources */,
				D3D58E692B5594880027C94C /* TodayApp.swift in Sources */,
			);
			runOnlyForDeploymentPostprocessing = 0;
		};
/* End PBXSourcesBuildPhase section */

/* Begin XCBuildConfiguration section */
		D3D58E712B55948A0027C94C /* Debug */ = {
			isa = XCBuildConfiguration;
			buildSettings = {
				ALWAYS_SEARCH_USER_PATHS = NO;
				ASSETCATALOG_COMPILER_GENERATE_SWIFT_ASSET_SYMBOL_EXTENSIONS = YES;
				CLANG_ANALYZER_NONNULL = YES;
				CLANG_ANALYZER_NUMBER_OBJECT_CONVERSION = YES_AGGRESSIVE;
				CLANG_CXX_LANGUAGE_STANDARD = "gnu++20";
				CLANG_ENABLE_MODULES = YES;
				CLANG_ENABLE_OBJC_ARC = YES;
				CLANG_ENABLE_OBJC_WEAK = YES;
				CLANG_WARN_BLOCK_CAPTURE_AUTORELEASING = YES;
				CLANG_WARN_BOOL_CONVERSION = YES;
				CLANG_WARN_COMMA = YES;
				CLANG_WARN_CONSTANT_CONVERSION = YES;
				CLANG_WARN_DEPRECATED_OBJC_IMPLEMENTATIONS = YES;
				CLANG_WARN_DIRECT_OBJC_ISA_USAGE = YES_ERROR;
				CLANG_WARN_DOCUMENTATION_COMMENTS = YES;
				CLANG_WARN_EMPTY_BODY = YES;
				CLANG_WARN_ENUM_CONVERSION = YES;
				CLANG_WARN_INFINITE_RECURSION = YES;
				CLANG_WARN_INT_CONVERSION = YES;
				CLANG_WARN_NON_LITERAL_NULL_CONVERSION = YES;
				CLANG_WARN_OBJC_IMPLICIT_RETAIN_SELF = YES;
				CLANG_WARN_OBJC_LITERAL_CONVERSION = YES;
				CLANG_WARN_OBJC_ROOT_CLASS = YES_ERROR;
				CLANG_WARN_QUOTED_INCLUDE_IN_FRAMEWORK_HEADER = YES;
				CLANG_WARN_RANGE_LOOP_ANALYSIS = YES;
				CLANG_WARN_STRICT_PROTOTYPES = YES;
				CLANG_WARN_SUSPICIOUS_MOVE = YES;
				CLANG_WARN_UNGUARDED_AVAILABILITY = YES_AGGRESSIVE;
				CLANG_WARN_UNREACHABLE_CODE = YES;
				CLANG_WARN__DUPLICATE_METHOD_MATCH = YES;
				COPY_PHASE_STRIP = NO;
				DEBUG_INFORMATION_FORMAT = dwarf;
				ENABLE_STRICT_OBJC_MSGSEND = YES;
				ENABLE_TESTABILITY = YES;
				ENABLE_USER_SCRIPT_SANDBOXING = YES;
				GCC_C_LANGUAGE_STANDARD = gnu17;
				GCC_DYNAMIC_NO_PIC = NO;
				GCC_NO_COMMON_BLOCKS = YES;
				GCC_OPTIMIZATION_LEVEL = 0;
				GCC_PREPROCESSOR_DEFINITIONS = (
					"DEBUG=1",
					"$(inherited)",
				);
				GCC_WARN_64_TO_32_BIT_CONVERSION = YES;
				GCC_WARN_ABOUT_RETURN_TYPE = YES_ERROR;
				GCC_WARN_UNDECLARED_SELECTOR = YES;
				GCC_WARN_UNINITIALIZED_AUTOS = YES_AGGRESSIVE;
				GCC_WARN_UNUSED_FUNCTION = YES;
				GCC_WARN_UNUSED_VARIABLE = YES;
				IPHONEOS_DEPLOYMENT_TARGET = 17.2;
				LOCALIZATION_PREFERS_STRING_CATALOGS = YES;
				MTL_ENABLE_DEBUG_INFO = INCLUDE_SOURCE;
				MTL_FAST_MATH = YES;
				ONLY_ACTIVE_ARCH = YES;
				SDKROOT = iphoneos;
				SWIFT_ACTIVE_COMPILATION_CONDITIONS = "DEBUG $(inherited)";
				SWIFT_OPTIMIZATION_LEVEL = "-Onone";
			};
			name = Debug;
		};
		D3D58E722B55948A0027C94C /* Release */ = {
			isa = XCBuildConfiguration;
			buildSettings = {
				ALWAYS_SEARCH_USER_PATHS = NO;
				ASSETCATALOG_COMPILER_GENERATE_SWIFT_ASSET_SYMBOL_EXTENSIONS = YES;
				CLANG_ANALYZER_NONNULL = YES;
				CLANG_ANALYZER_NUMBER_OBJECT_CONVERSION = YES_AGGRESSIVE;
				CLANG_CXX_LANGUAGE_STANDARD = "gnu++20";
				CLANG_ENABLE_MODULES = YES;
				CLANG_ENABLE_OBJC_ARC = YES;
				CLANG_ENABLE_OBJC_WEAK = YES;
				CLANG_WARN_BLOCK_CAPTURE_AUTORELEASING = YES;
				CLANG_WARN_BOOL_CONVERSION = YES;
				CLANG_WARN_COMMA = YES;
				CLANG_WARN_CONSTANT_CONVERSION = YES;
				CLANG_WARN_DEPRECATED_OBJC_IMPLEMENTATIONS = YES;
				CLANG_WARN_DIRECT_OBJC_ISA_USAGE = YES_ERROR;
				CLANG_WARN_DOCUMENTATION_COMMENTS = YES;
				CLANG_WARN_EMPTY_BODY = YES;
				CLANG_WARN_ENUM_CONVERSION = YES;
				CLANG_WARN_INFINITE_RECURSION = YES;
				CLANG_WARN_INT_CONVERSION = YES;
				CLANG_WARN_NON_LITERAL_NULL_CONVERSION = YES;
				CLANG_WARN_OBJC_IMPLICIT_RETAIN_SELF = YES;
				CLANG_WARN_OBJC_LITERAL_CONVERSION = YES;
				CLANG_WARN_OBJC_ROOT_CLASS = YES_ERROR;
				CLANG_WARN_QUOTED_INCLUDE_IN_FRAMEWORK_HEADER = YES;
				CLANG_WARN_RANGE_LOOP_ANALYSIS = YES;
				CLANG_WARN_STRICT_PROTOTYPES = YES;
				CLANG_WARN_SUSPICIOUS_MOVE = YES;
				CLANG_WARN_UNGUARDED_AVAILABILITY = YES_AGGRESSIVE;
				CLANG_WARN_UNREACHABLE_CODE = YES;
				CLANG_WARN__DUPLICATE_METHOD_MATCH = YES;
				COPY_PHASE_STRIP = NO;
				DEBUG_INFORMATION_FORMAT = "dwarf-with-dsym";
				ENABLE_NS_ASSERTIONS = NO;
				ENABLE_STRICT_OBJC_MSGSEND = YES;
				ENABLE_USER_SCRIPT_SANDBOXING = YES;
				GCC_C_LANGUAGE_STANDARD = gnu17;
				GCC_NO_COMMON_BLOCKS = YES;
				GCC_WARN_64_TO_32_BIT_CONVERSION = YES;
				GCC_WARN_ABOUT_RETURN_TYPE = YES_ERROR;
				GCC_WARN_UNDECLARED_SELECTOR = YES;
				GCC_WARN_UNINITIALIZED_AUTOS = YES_AGGRESSIVE;
				GCC_WARN_UNUSED_FUNCTION = YES;
				GCC_WARN_UNUSED_VARIABLE = YES;
				IPHONEOS_DEPLOYMENT_TARGET = 17.2;
				LOCALIZATION_PREFERS_STRING_CATALOGS = YES;
				MTL_ENABLE_DEBUG_INFO = NO;
				MTL_FAST_MATH = YES;
				SDKROOT = iphoneos;
				SWIFT_COMPILATION_MODE = wholemodule;
				VALIDATE_PRODUCT = YES;
			};
			name = Release;
		};
		D3D58E742B55948A0027C94C /* Debug */ = {
			isa = XCBuildConfiguration;
			buildSettings = {
				ASSETCATALOG_COMPILER_APPICON_NAME = AppIcon;
				ASSETCATALOG_COMPILER_GENERATE_ASSET_SYMBOLS = NO;
				ASSETCATALOG_COMPILER_GLOBAL_ACCENT_COLOR_NAME = AccentColor;
				CODE_SIGN_STYLE = Automatic;
				CURRENT_PROJECT_VERSION = 1;
				DEVELOPMENT_ASSET_PATHS = "\"Today/Preview Content\"";
				DEVELOPMENT_TEAM = LKA4A6WMZA;
				ENABLE_PREVIEWS = YES;
				GENERATE_INFOPLIST_FILE = YES;
				INFOPLIST_KEY_UIApplicationSceneManifest_Generation = YES;
				INFOPLIST_KEY_UIApplicationSupportsIndirectInputEvents = YES;
				INFOPLIST_KEY_UILaunchScreen_Generation = YES;
				INFOPLIST_KEY_UISupportedInterfaceOrientations_iPad = "UIInterfaceOrientationPortrait UIInterfaceOrientationPortraitUpsideDown UIInterfaceOrientationLandscapeLeft UIInterfaceOrientationLandscapeRight";
				INFOPLIST_KEY_UISupportedInterfaceOrientations_iPhone = "UIInterfaceOrientationPortrait UIInterfaceOrientationLandscapeLeft UIInterfaceOrientationLandscapeRight";
				LD_RUNPATH_SEARCH_PATHS = (
					"$(inherited)",
					"@executable_path/Frameworks",
				);
				MARKETING_VERSION = 1.0;
				PRODUCT_BUNDLE_IDENTIFIER = eduard.Today;
				PRODUCT_NAME = "$(TARGET_NAME)";
				SWIFT_EMIT_LOC_STRINGS = YES;
				SWIFT_VERSION = 5.0;
				TARGETED_DEVICE_FAMILY = "1,2";
			};
			name = Debug;
		};
		D3D58E752B55948A0027C94C /* Release */ = {
			isa = XCBuildConfiguration;
			buildSettings = {
				ASSETCATALOG_COMPILER_APPICON_NAME = AppIcon;
				ASSETCATALOG_COMPILER_GENERATE_ASSET_SYMBOLS = NO;
				ASSETCATALOG_COMPILER_GLOBAL_ACCENT_COLOR_NAME = AccentColor;
				CODE_SIGN_STYLE = Automatic;
				CURRENT_PROJECT_VERSION = 1;
				DEVELOPMENT_ASSET_PATHS = "\"Today/Preview Content\"";
				DEVELOPMENT_TEAM = LKA4A6WMZA;
				ENABLE_PREVIEWS = YES;
				GENERATE_INFOPLIST_FILE = YES;
				INFOPLIST_KEY_UIApplicationSceneManifest_Generation = YES;
				INFOPLIST_KEY_UIApplicationSupportsIndirectInputEvents = YES;
				INFOPLIST_KEY_UILaunchScreen_Generation = YES;
				INFOPLIST_KEY_UISupportedInterfaceOrientations_iPad = "UIInterfaceOrientationPortrait UIInterfaceOrientationPortraitUpsideDown UIInterfaceOrientationLandscapeLeft UIInterfaceOrientationLandscapeRight";
				INFOPLIST_KEY_UISupportedInterfaceOrientations_iPhone = "UIInterfaceOrientationPortrait UIInterfaceOrientationLandscapeLeft UIInterfaceOrientationLandscapeRight";
				LD_RUNPATH_SEARCH_PATHS = (
					"$(inherited)",
					"@executable_path/Frameworks",
				);
				MARKETING_VERSION = 1.0;
				PRODUCT_BUNDLE_IDENTIFIER = eduard.Today;
				PRODUCT_NAME = "$(TARGET_NAME)";
				SWIFT_EMIT_LOC_STRINGS = YES;
				SWIFT_VERSION = 5.0;
				TARGETED_DEVICE_FAMILY = "1,2";
			};
			name = Release;
		};
/* End XCBuildConfiguration section */

/* Begin XCConfigurationList section */
		D3D58E602B5594880027C94C /* Build configuration list for PBXProject "Today" */ = {
			isa = XCConfigurationList;
			buildConfigurations = (
				D3D58E712B55948A0027C94C /* Debug */,
				D3D58E722B55948A0027C94C /* Release */,
			);
			defaultConfigurationIsVisible = 0;
			defaultConfigurationName = Release;
		};
		D3D58E732B55948A0027C94C /* Build configuration list for PBXNativeTarget "Today" */ = {
			isa = XCConfigurationList;
			buildConfigurations = (
				D3D58E742B55948A0027C94C /* Debug */,
				D3D58E752B55948A0027C94C /* Release */,
			);
			defaultConfigurationIsVisible = 0;
			defaultConfigurationName = Release;
		};
/* End XCConfigurationList section */
	};
	rootObject = D3D58E5D2B5594880027C94C /* Project object */;
}
